// !$*UTF8*$!
{
	archiveVersion = 1;
	classes = {
	};
	objectVersion = 55;
	objects = {

/* Begin PBXBuildFile section */
		717ACC7429297B79002F7FD8 /* CaregiverTableViewCell.swift in Sources */ = {isa = PBXBuildFile; fileRef = 717ACC7229297B79002F7FD8 /* CaregiverTableViewCell.swift */; };
		717ACC7529297B79002F7FD8 /* CaregiverTableViewCell.xib in Resources */ = {isa = PBXBuildFile; fileRef = 717ACC7329297B79002F7FD8 /* CaregiverTableViewCell.xib */; };
		F010473B292815C600366A91 /* AppDelegate.swift in Sources */ = {isa = PBXBuildFile; fileRef = F010473A292815C600366A91 /* AppDelegate.swift */; };
		F010473D292815C600366A91 /* SceneDelegate.swift in Sources */ = {isa = PBXBuildFile; fileRef = F010473C292815C600366A91 /* SceneDelegate.swift */; };
		F010473F292815C600366A91 /* ViewController.swift in Sources */ = {isa = PBXBuildFile; fileRef = F010473E292815C600366A91 /* ViewController.swift */; };
		F0104742292815C600366A91 /* Main.storyboard in Resources */ = {isa = PBXBuildFile; fileRef = F0104740292815C600366A91 /* Main.storyboard */; };
		F0104745292815C600366A91 /* Odev2.xcdatamodeld in Sources */ = {isa = PBXBuildFile; fileRef = F0104743292815C600366A91 /* Odev2.xcdatamodeld */; };
		F0104747292815C700366A91 /* Assets.xcassets in Resources */ = {isa = PBXBuildFile; fileRef = F0104746292815C700366A91 /* Assets.xcassets */; };
		F010474A292815C700366A91 /* LaunchScreen.storyboard in Resources */ = {isa = PBXBuildFile; fileRef = F0104748292815C700366A91 /* LaunchScreen.storyboard */; };
		F0104752292824A100366A91 /* AddCaregiverViewController.swift in Sources */ = {isa = PBXBuildFile; fileRef = F0104751292824A100366A91 /* AddCaregiverViewController.swift */; };
		F0104754292824B100366A91 /* AddAnimalViewController.swift in Sources */ = {isa = PBXBuildFile; fileRef = F0104753292824B100366A91 /* AddAnimalViewController.swift */; };
		F010475629284AB300366A91 /* TakeAnimalCaregiverViewController.swift in Sources */ = {isa = PBXBuildFile; fileRef = F010475529284AB300366A91 /* TakeAnimalCaregiverViewController.swift */; };
		F010475C292903EB00366A91 /* ItemTableViewCell.swift in Sources */ = {isa = PBXBuildFile; fileRef = F010475A292903EB00366A91 /* ItemTableViewCell.swift */; };
		F010475D292903EB00366A91 /* ItemTableViewCell.xib in Resources */ = {isa = PBXBuildFile; fileRef = F010475B292903EB00366A91 /* ItemTableViewCell.xib */; };
		F010475F2929045600366A91 /* ListViewController.swift in Sources */ = {isa = PBXBuildFile; fileRef = F010475E2929045600366A91 /* ListViewController.swift */; };
		F01047692929282400366A91 /* cat.mp3 in Resources */ = {isa = PBXBuildFile; fileRef = F01047682929282400366A91 /* cat.mp3 */; };
		F010479A292A6C1500366A91 /* dog.mp3 in Resources */ = {isa = PBXBuildFile; fileRef = F0104799292A6C1500366A91 /* dog.mp3 */; };
/* End PBXBuildFile section */

/* Begin PBXFileReference section */
		717ACC7229297B79002F7FD8 /* CaregiverTableViewCell.swift */ = {isa = PBXFileReference; lastKnownFileType = sourcecode.swift; path = CaregiverTableViewCell.swift; sourceTree = "<group>"; };
		717ACC7329297B79002F7FD8 /* CaregiverTableViewCell.xib */ = {isa = PBXFileReference; lastKnownFileType = file.xib; path = CaregiverTableViewCell.xib; sourceTree = "<group>"; };
		F0104737292815C600366A91 /* Odev2.app */ = {isa = PBXFileReference; explicitFileType = wrapper.application; includeInIndex = 0; path = Odev2.app; sourceTree = BUILT_PRODUCTS_DIR; };
		F010473A292815C600366A91 /* AppDelegate.swift */ = {isa = PBXFileReference; lastKnownFileType = sourcecode.swift; path = AppDelegate.swift; sourceTree = "<group>"; };
		F010473C292815C600366A91 /* SceneDelegate.swift */ = {isa = PBXFileReference; lastKnownFileType = sourcecode.swift; path = SceneDelegate.swift; sourceTree = "<group>"; };
		F010473E292815C600366A91 /* ViewController.swift */ = {isa = PBXFileReference; lastKnownFileType = sourcecode.swift; path = ViewController.swift; sourceTree = "<group>"; };
		F0104741292815C600366A91 /* Base */ = {isa = PBXFileReference; lastKnownFileType = file.storyboard; name = Base; path = Base.lproj/Main.storyboard; sourceTree = "<group>"; };
		F0104744292815C600366A91 /* Odev2.xcdatamodel */ = {isa = PBXFileReference; lastKnownFileType = wrapper.xcdatamodel; path = Odev2.xcdatamodel; sourceTree = "<group>"; };
		F0104746292815C700366A91 /* Assets.xcassets */ = {isa = PBXFileReference; lastKnownFileType = folder.assetcatalog; path = Assets.xcassets; sourceTree = "<group>"; };
		F0104749292815C700366A91 /* Base */ = {isa = PBXFileReference; lastKnownFileType = file.storyboard; name = Base; path = Base.lproj/LaunchScreen.storyboard; sourceTree = "<group>"; };
		F010474B292815C700366A91 /* Info.plist */ = {isa = PBXFileReference; lastKnownFileType = text.plist.xml; path = Info.plist; sourceTree = "<group>"; };
		F0104751292824A100366A91 /* AddCaregiverViewController.swift */ = {isa = PBXFileReference; lastKnownFileType = sourcecode.swift; path = AddCaregiverViewController.swift; sourceTree = "<group>"; };
		F0104753292824B100366A91 /* AddAnimalViewController.swift */ = {isa = PBXFileReference; lastKnownFileType = sourcecode.swift; path = AddAnimalViewController.swift; sourceTree = "<group>"; };
		F010475529284AB300366A91 /* TakeAnimalCaregiverViewController.swift */ = {isa = PBXFileReference; lastKnownFileType = sourcecode.swift; path = TakeAnimalCaregiverViewController.swift; sourceTree = "<group>"; };
		F010475A292903EB00366A91 /* ItemTableViewCell.swift */ = {isa = PBXFileReference; lastKnownFileType = sourcecode.swift; path = ItemTableViewCell.swift; sourceTree = "<group>"; };
		F010475B292903EB00366A91 /* ItemTableViewCell.xib */ = {isa = PBXFileReference; lastKnownFileType = file.xib; path = ItemTableViewCell.xib; sourceTree = "<group>"; };
		F010475E2929045600366A91 /* ListViewController.swift */ = {isa = PBXFileReference; lastKnownFileType = sourcecode.swift; path = ListViewController.swift; sourceTree = "<group>"; };
		F01047682929282400366A91 /* cat.mp3 */ = {isa = PBXFileReference; lastKnownFileType = audio.mp3; path = cat.mp3; sourceTree = "<group>"; };
		F0104799292A6C1500366A91 /* dog.mp3 */ = {isa = PBXFileReference; lastKnownFileType = audio.mp3; path = dog.mp3; sourceTree = "<group>"; };
/* End PBXFileReference section */

/* Begin PBXFrameworksBuildPhase section */
		F0104734292815C600366A91 /* Frameworks */ = {
			isa = PBXFrameworksBuildPhase;
			buildActionMask = 2147483647;
			files = (
			);
			runOnlyForDeploymentPostprocessing = 0;
		};
/* End PBXFrameworksBuildPhase section */

/* Begin PBXGroup section */
		717ACC7629297EA3002F7FD8 /* Cell */ = {
			isa = PBXGroup;
			children = (
				F010475A292903EB00366A91 /* ItemTableViewCell.swift */,
				F010475B292903EB00366A91 /* ItemTableViewCell.xib */,
				717ACC7229297B79002F7FD8 /* CaregiverTableViewCell.swift */,
				717ACC7329297B79002F7FD8 /* CaregiverTableViewCell.xib */,
			);
			name = Cell;
			sourceTree = "<group>";
		};
		F010472E292815C600366A91 = {
			isa = PBXGroup;
			children = (
				F0104739292815C600366A91 /* Odev2 */,
				F0104738292815C600366A91 /* Products */,
			);
			sourceTree = "<group>";
		};
		F0104738292815C600366A91 /* Products */ = {
			isa = PBXGroup;
			children = (
				F0104737292815C600366A91 /* Odev2.app */,
			);
			name = Products;
			sourceTree = "<group>";
		};
		F0104739292815C600366A91 /* Odev2 */ = {
			isa = PBXGroup;
			children = (
				717ACC7629297EA3002F7FD8 /* Cell */,
				F010473A292815C600366A91 /* AppDelegate.swift */,
				F010473C292815C600366A91 /* SceneDelegate.swift */,
				F010473E292815C600366A91 /* ViewController.swift */,
				F0104751292824A100366A91 /* AddCaregiverViewController.swift */,
				F0104753292824B100366A91 /* AddAnimalViewController.swift */,
				F010475529284AB300366A91 /* TakeAnimalCaregiverViewController.swift */,
				F010475E2929045600366A91 /* ListViewController.swift */,
				F0104740292815C600366A91 /* Main.storyboard */,
				F0104746292815C700366A91 /* Assets.xcassets */,
				F0104748292815C700366A91 /* LaunchScreen.storyboard */,
				F010474B292815C700366A91 /* Info.plist */,
				F0104743292815C600366A91 /* Odev2.xcdatamodeld */,
				F01047682929282400366A91 /* cat.mp3 */,
				F0104799292A6C1500366A91 /* dog.mp3 */,
			);
			path = Odev2;
			sourceTree = "<group>";
		};
/* End PBXGroup section */

/* Begin PBXNativeTarget section */
		F0104736292815C600366A91 /* Odev2 */ = {
			isa = PBXNativeTarget;
			buildConfigurationList = F010474E292815C700366A91 /* Build configuration list for PBXNativeTarget "Odev2" */;
			buildPhases = (
				F0104733292815C600366A91 /* Sources */,
				F0104734292815C600366A91 /* Frameworks */,
				F0104735292815C600366A91 /* Resources */,
			);
			buildRules = (
			);
			dependencies = (
			);
			name = Odev2;
			productName = Odev2;
			productReference = F0104737292815C600366A91 /* Odev2.app */;
			productType = "com.apple.product-type.application";
		};
/* End PBXNativeTarget section */

/* Begin PBXProject section */
		F010472F292815C600366A91 /* Project object */ = {
			isa = PBXProject;
			attributes = {
				BuildIndependentTargetsInParallel = 1;
				LastSwiftUpdateCheck = 1340;
				LastUpgradeCheck = 1340;
				TargetAttributes = {
					F0104736292815C600366A91 = {
						CreatedOnToolsVersion = 13.4.1;
					};
				};
			};
			buildConfigurationList = F0104732292815C600366A91 /* Build configuration list for PBXProject "Odev2" */;
			compatibilityVersion = "Xcode 13.0";
			developmentRegion = en;
			hasScannedForEncodings = 0;
			knownRegions = (
				en,
				Base,
			);
			mainGroup = F010472E292815C600366A91;
			productRefGroup = F0104738292815C600366A91 /* Products */;
			projectDirPath = "";
			projectRoot = "";
			targets = (
				F0104736292815C600366A91 /* Odev2 */,
			);
		};
/* End PBXProject section */

/* Begin PBXResourcesBuildPhase section */
		F0104735292815C600366A91 /* Resources */ = {
			isa = PBXResourcesBuildPhase;
			buildActionMask = 2147483647;
			files = (
				F01047692929282400366A91 /* cat.mp3 in Resources */,
				F010475D292903EB00366A91 /* ItemTableViewCell.xib in Resources */,
				F010474A292815C700366A91 /* LaunchScreen.storyboard in Resources */,
				F0104747292815C700366A91 /* Assets.xcassets in Resources */,
				717ACC7529297B79002F7FD8 /* CaregiverTableViewCell.xib in Resources */,
				F0104742292815C600366A91 /* Main.storyboard in Resources */,
				F010479A292A6C1500366A91 /* dog.mp3 in Resources */,
			);
			runOnlyForDeploymentPostprocessing = 0;
		};
/* End PBXResourcesBuildPhase section */

/* Begin PBXSourcesBuildPhase section */
		F0104733292815C600366A91 /* Sources */ = {
			isa = PBXSourcesBuildPhase;
			buildActionMask = 2147483647;
			files = (
				F010473F292815C600366A91 /* ViewController.swift in Sources */,
				F010473B292815C600366A91 /* AppDelegate.swift in Sources */,
				F0104754292824B100366A91 /* AddAnimalViewController.swift in Sources */,
				F0104745292815C600366A91 /* Odev2.xcdatamodeld in Sources */,
				F010475C292903EB00366A91 /* ItemTableViewCell.swift in Sources */,
				F010475F2929045600366A91 /* ListViewController.swift in Sources */,
				717ACC7429297B79002F7FD8 /* CaregiverTableViewCell.swift in Sources */,
				F010473D292815C600366A91 /* SceneDelegate.swift in Sources */,
				F010475629284AB300366A91 /* TakeAnimalCaregiverViewController.swift in Sources */,
				F0104752292824A100366A91 /* AddCaregiverViewController.swift in Sources */,
			);
			runOnlyForDeploymentPostprocessing = 0;
		};
/* End PBXSourcesBuildPhase section */

/* Begin PBXVariantGroup section */
		F0104740292815C600366A91 /* Main.storyboard */ = {
			isa = PBXVariantGroup;
			children = (
				F0104741292815C600366A91 /* Base */,
			);
			name = Main.storyboard;
			sourceTree = "<group>";
		};
		F0104748292815C700366A91 /* LaunchScreen.storyboard */ = {
			isa = PBXVariantGroup;
			children = (
				F0104749292815C700366A91 /* Base */,
			);
			name = LaunchScreen.storyboard;
			sourceTree = "<group>";
		};
/* End PBXVariantGroup section */

/* Begin XCBuildConfiguration section */
		F010474C292815C700366A91 /* Debug */ = {
			isa = XCBuildConfiguration;
			buildSettings = {
				ALWAYS_SEARCH_USER_PATHS = NO;
				CLANG_ANALYZER_NONNULL = YES;
				CLANG_ANALYZER_NUMBER_OBJECT_CONVERSION = YES_AGGRESSIVE;
				CLANG_CXX_LANGUAGE_STANDARD = "gnu++17";
				CLANG_ENABLE_MODULES = YES;
				CLANG_ENABLE_OBJC_ARC = YES;
				CLANG_ENABLE_OBJC_WEAK = YES;
				CLANG_WARN_BLOCK_CAPTURE_AUTORELEASING = YES;
				CLANG_WARN_BOOL_CONVERSION = YES;
				CLANG_WARN_COMMA = YES;
				CLANG_WARN_CONSTANT_CONVERSION = YES;
				CLANG_WARN_DEPRECATED_OBJC_IMPLEMENTATIONS = YES;
				CLANG_WARN_DIRECT_OBJC_ISA_USAGE = YES_ERROR;
				CLANG_WARN_DOCUMENTATION_COMMENTS = YES;
				CLANG_WARN_EMPTY_BODY = YES;
				CLANG_WARN_ENUM_CONVERSION = YES;
				CLANG_WARN_INFINITE_RECURSION = YES;
				CLANG_WARN_INT_CONVERSION = YES;
				CLANG_WARN_NON_LITERAL_NULL_CONVERSION = YES;
				CLANG_WARN_OBJC_IMPLICIT_RETAIN_SELF = YES;
				CLANG_WARN_OBJC_LITERAL_CONVERSION = YES;
				CLANG_WARN_OBJC_ROOT_CLASS = YES_ERROR;
				CLANG_WARN_QUOTED_INCLUDE_IN_FRAMEWORK_HEADER = YES;
				CLANG_WARN_RANGE_LOOP_ANALYSIS = YES;
				CLANG_WARN_STRICT_PROTOTYPES = YES;
				CLANG_WARN_SUSPICIOUS_MOVE = YES;
				CLANG_WARN_UNGUARDED_AVAILABILITY = YES_AGGRESSIVE;
				CLANG_WARN_UNREACHABLE_CODE = YES;
				CLANG_WARN__DUPLICATE_METHOD_MATCH = YES;
				COPY_PHASE_STRIP = NO;
				DEBUG_INFORMATION_FORMAT = dwarf;
				ENABLE_STRICT_OBJC_MSGSEND = YES;
				ENABLE_TESTABILITY = YES;
				GCC_C_LANGUAGE_STANDARD = gnu11;
				GCC_DYNAMIC_NO_PIC = NO;
				GCC_NO_COMMON_BLOCKS = YES;
				GCC_OPTIMIZATION_LEVEL = 0;
				GCC_PREPROCESSOR_DEFINITIONS = (
					"DEBUG=1",
					"$(inherited)",
				);
				GCC_WARN_64_TO_32_BIT_CONVERSION = YES;
				GCC_WARN_ABOUT_RETURN_TYPE = YES_ERROR;
				GCC_WARN_UNDECLARED_SELECTOR = YES;
				GCC_WARN_UNINITIALIZED_AUTOS = YES_AGGRESSIVE;
				GCC_WARN_UNUSED_FUNCTION = YES;
				GCC_WARN_UNUSED_VARIABLE = YES;
				IPHONEOS_DEPLOYMENT_TARGET = 15.5;
				MTL_ENABLE_DEBUG_INFO = INCLUDE_SOURCE;
				MTL_FAST_MATH = YES;
				ONLY_ACTIVE_ARCH = YES;
				SDKROOT = iphoneos;
				SWIFT_ACTIVE_COMPILATION_CONDITIONS = DEBUG;
				SWIFT_OPTIMIZATION_LEVEL = "-Onone";
			};
			name = Debug;
		};
		F010474D292815C700366A91 /* Release */ = {
			isa = XCBuildConfiguration;
			buildSettings = {
				ALWAYS_SEARCH_USER_PATHS = NO;
				CLANG_ANALYZER_NONNULL = YES;
				CLANG_ANALYZER_NUMBER_OBJECT_CONVERSION = YES_AGGRESSIVE;
				CLANG_CXX_LANGUAGE_STANDARD = "gnu++17";
				CLANG_ENABLE_MODULES = YES;
				CLANG_ENABLE_OBJC_ARC = YES;
				CLANG_ENABLE_OBJC_WEAK = YES;
				CLANG_WARN_BLOCK_CAPTURE_AUTORELEASING = YES;
				CLANG_WARN_BOOL_CONVERSION = YES;
				CLANG_WARN_COMMA = YES;
				CLANG_WARN_CONSTANT_CONVERSION = YES;
				CLANG_WARN_DEPRECATED_OBJC_IMPLEMENTATIONS = YES;
				CLANG_WARN_DIRECT_OBJC_ISA_USAGE = YES_ERROR;
				CLANG_WARN_DOCUMENTATION_COMMENTS = YES;
				CLANG_WARN_EMPTY_BODY = YES;
				CLANG_WARN_ENUM_CONVERSION = YES;
				CLANG_WARN_INFINITE_RECURSION = YES;
				CLANG_WARN_INT_CONVERSION = YES;
				CLANG_WARN_NON_LITERAL_NULL_CONVERSION = YES;
				CLANG_WARN_OBJC_IMPLICIT_RETAIN_SELF = YES;
				CLANG_WARN_OBJC_LITERAL_CONVERSION = YES;
				CLANG_WARN_OBJC_ROOT_CLASS = YES_ERROR;
				CLANG_WARN_QUOTED_INCLUDE_IN_FRAMEWORK_HEADER = YES;
				CLANG_WARN_RANGE_LOOP_ANALYSIS = YES;
				CLANG_WARN_STRICT_PROTOTYPES = YES;
				CLANG_WARN_SUSPICIOUS_MOVE = YES;
				CLANG_WARN_UNGUARDED_AVAILABILITY = YES_AGGRESSIVE;
				CLANG_WARN_UNREACHABLE_CODE = YES;
				CLANG_WARN__DUPLICATE_METHOD_MATCH = YES;
				COPY_PHASE_STRIP = NO;
				DEBUG_INFORMATION_FORMAT = "dwarf-with-dsym";
				ENABLE_NS_ASSERTIONS = NO;
				ENABLE_STRICT_OBJC_MSGSEND = YES;
				GCC_C_LANGUAGE_STANDARD = gnu11;
				GCC_NO_COMMON_BLOCKS = YES;
				GCC_WARN_64_TO_32_BIT_CONVERSION = YES;
				GCC_WARN_ABOUT_RETURN_TYPE = YES_ERROR;
				GCC_WARN_UNDECLARED_SELECTOR = YES;
				GCC_WARN_UNINITIALIZED_AUTOS = YES_AGGRESSIVE;
				GCC_WARN_UNUSED_FUNCTION = YES;
				GCC_WARN_UNUSED_VARIABLE = YES;
				IPHONEOS_DEPLOYMENT_TARGET = 15.5;
				MTL_ENABLE_DEBUG_INFO = NO;
				MTL_FAST_MATH = YES;
				SDKROOT = iphoneos;
				SWIFT_COMPILATION_MODE = wholemodule;
				SWIFT_OPTIMIZATION_LEVEL = "-O";
				VALIDATE_PRODUCT = YES;
			};
			name = Release;
		};
		F010474F292815C700366A91 /* Debug */ = {
			isa = XCBuildConfiguration;
			buildSettings = {
				ASSETCATALOG_COMPILER_APPICON_NAME = AppIcon;
				ASSETCATALOG_COMPILER_GLOBAL_ACCENT_COLOR_NAME = AccentColor;
				CODE_SIGN_STYLE = Automatic;
				CURRENT_PROJECT_VERSION = 1;
				DEVELOPMENT_TEAM = W4YA7HHQSD;
				GENERATE_INFOPLIST_FILE = YES;
				INFOPLIST_FILE = Odev2/Info.plist;
				INFOPLIST_KEY_UIApplicationSupportsIndirectInputEvents = YES;
				INFOPLIST_KEY_UILaunchStoryboardName = LaunchScreen;
				INFOPLIST_KEY_UIMainStoryboardFile = Main;
				INFOPLIST_KEY_UISupportedInterfaceOrientations_iPad = "UIInterfaceOrientationPortrait UIInterfaceOrientationPortraitUpsideDown UIInterfaceOrientationLandscapeLeft UIInterfaceOrientationLandscapeRight";
				INFOPLIST_KEY_UISupportedInterfaceOrientations_iPhone = "UIInterfaceOrientationPortrait UIInterfaceOrientationLandscapeLeft UIInterfaceOrientationLandscapeRight";
				LD_RUNPATH_SEARCH_PATHS = (
					"$(inherited)",
					"@executable_path/Frameworks",
				);
				MARKETING_VERSION = 1.0;
				PRODUCT_BUNDLE_IDENTIFIER = com.yelizakkaya.Odev2;
				PRODUCT_NAME = "$(TARGET_NAME)";
				SWIFT_EMIT_LOC_STRINGS = YES;
				SWIFT_VERSION = 5.0;
				TARGETED_DEVICE_FAMILY = "1,2";
			};
			name = Debug;
		};
		F0104750292815C700366A91 /* Release */ = {
			isa = XCBuildConfiguration;
			buildSettings = {
				ASSETCATALOG_COMPILER_APPICON_NAME = AppIcon;
				ASSETCATALOG_COMPILER_GLOBAL_ACCENT_COLOR_NAME = AccentColor;
				CODE_SIGN_STYLE = Automatic;
				CURRENT_PROJECT_VERSION = 1;
				DEVELOPMENT_TEAM = W4YA7HHQSD;
				GENERATE_INFOPLIST_FILE = YES;
				INFOPLIST_FILE = Odev2/Info.plist;
				INFOPLIST_KEY_UIApplicationSupportsIndirectInputEvents = YES;
				INFOPLIST_KEY_UILaunchStoryboardName = LaunchScreen;
				INFOPLIST_KEY_UIMainStoryboardFile = Main;
				INFOPLIST_KEY_UISupportedInterfaceOrientations_iPad = "UIInterfaceOrientationPortrait UIInterfaceOrientationPortraitUpsideDown UIInterfaceOrientationLandscapeLeft UIInterfaceOrientationLandscapeRight";
				INFOPLIST_KEY_UISupportedInterfaceOrientations_iPhone = "UIInterfaceOrientationPortrait UIInterfaceOrientationLandscapeLeft UIInterfaceOrientationLandscapeRight";
				LD_RUNPATH_SEARCH_PATHS = (
					"$(inherited)",
					"@executable_path/Frameworks",
				);
				MARKETING_VERSION = 1.0;
				PRODUCT_BUNDLE_IDENTIFIER = com.yelizakkaya.Odev2;
				PRODUCT_NAME = "$(TARGET_NAME)";
				SWIFT_EMIT_LOC_STRINGS = YES;
				SWIFT_VERSION = 5.0;
				TARGETED_DEVICE_FAMILY = "1,2";
			};
			name = Release;
		};
/* End XCBuildConfiguration section */

/* Begin XCConfigurationList section */
		F0104732292815C600366A91 /* Build configuration list for PBXProject "Odev2" */ = {
			isa = XCConfigurationList;
			buildConfigurations = (
				F010474C292815C700366A91 /* Debug */,
				F010474D292815C700366A91 /* Release */,
			);
			defaultConfigurationIsVisible = 0;
			defaultConfigurationName = Release;
		};
		F010474E292815C700366A91 /* Build configuration list for PBXNativeTarget "Odev2" */ = {
			isa = XCConfigurationList;
			buildConfigurations = (
				F010474F292815C700366A91 /* Debug */,
				F0104750292815C700366A91 /* Release */,
			);
			defaultConfigurationIsVisible = 0;
			defaultConfigurationName = Release;
		};
/* End XCConfigurationList section */

/* Begin XCVersionGroup section */
		F0104743292815C600366A91 /* Odev2.xcdatamodeld */ = {
			isa = XCVersionGroup;
			children = (
				F0104744292815C600366A91 /* Odev2.xcdatamodel */,
			);
			currentVersion = F0104744292815C600366A91 /* Odev2.xcdatamodel */;
			path = Odev2.xcdatamodeld;
			sourceTree = "<group>";
			versionGroupType = wrapper.xcdatamodel;
		};
/* End XCVersionGroup section */
	};
	rootObject = F010472F292815C600366A91 /* Project object */;
}
